{
  "name": "assets",
  "version": "1.0.0",
  "lockfileVersion": 1,
  "requires": true,
  "dependencies": {
    "phoenix": {
      "version": "1.6.10",
      "resolved": "https://registry.npmjs.org/phoenix/-/phoenix-1.6.10.tgz",
      "integrity": "sha512-KfYAJrrw95JGaOlvmZ+lFJZhSfQmo4SVOj6s175/V8YxqhYGO5EGacdrJxQmJ6uhaK4H3S6b0wkC1T33qU/d8Q=="
    }
  }
}
